
Microsoft Visual Studio Solution File, Format Version 12.00
# Visual Studio Version 16
VisualStudioVersion = 16.0.29613.14
MinimumVisualStudioVersion = 10.0.40219.1
Project("{FAE04EC0-301F-11D3-BF4B-00C04F79EFBC}") = "Non_Query_Syntax", "Non_Query_Syntax\Non_Query_Syntax.csproj", "{D635F87B-0CD7-48F2-9CB5-4165ED15CF13}"
EndProject
Global
	GlobalSection(SolutionConfigurationPlatforms) = preSolution
		Debug|Any CPU = Debug|Any CPU
		Release|Any CPU = Release|Any CPU
	EndGlobalSection
	GlobalSection(ProjectConfigurationPlatforms) = postSolution
		{D635F87B-0CD7-48F2-9CB5-4165ED15CF13}.Debug|Any CPU.ActiveCfg = Debug|Any CPU
		{D635F87B-0CD7-48F2-9CB5-4165ED15CF13}.Debug|Any CPU.Build.0 = Debug|Any CPU
		{D635F87B-0CD7-48F2-9CB5-4165ED15CF13}.Release|Any CPU.ActiveCfg = Release|Any CPU
		{D635F87B-0CD7-48F2-9CB5-4165ED15CF13}.Release|Any CPU.Build.0 = Release|Any CPU
	EndGlobalSection
	GlobalSection(SolutionProperties) = preSolution
		HideSolutionNode = FALSE
	EndGlobalSection
	GlobalSection(ExtensibilityGlobals) = postSolution
		SolutionGuid = {B7947860-1E7E-4475-871A-72A311D71A23}
	EndGlobalSection
EndGlobal
