
Microsoft Visual Studio Solution File, Format Version 12.00
# Visual Studio Version 16
VisualStudioVersion = 16.0.29613.14
MinimumVisualStudioVersion = 10.0.40219.1
Project("{FAE04EC0-301F-11D3-BF4B-00C04F79EFBC}") = "Query_Syntax", "Query_Syntax\Query_Syntax.csproj", "{218B08F3-7DD7-4087-B975-15A05119134A}"
EndProject
Global
	GlobalSection(SolutionConfigurationPlatforms) = preSolution
		Debug|Any CPU = Debug|Any CPU
		Release|Any CPU = Release|Any CPU
	EndGlobalSection
	GlobalSection(ProjectConfigurationPlatforms) = postSolution
		{218B08F3-7DD7-4087-B975-15A05119134A}.Debug|Any CPU.ActiveCfg = Debug|Any CPU
		{218B08F3-7DD7-4087-B975-15A05119134A}.Debug|Any CPU.Build.0 = Debug|Any CPU
		{218B08F3-7DD7-4087-B975-15A05119134A}.Release|Any CPU.ActiveCfg = Release|Any CPU
		{218B08F3-7DD7-4087-B975-15A05119134A}.Release|Any CPU.Build.0 = Release|Any CPU
	EndGlobalSection
	GlobalSection(SolutionProperties) = preSolution
		HideSolutionNode = FALSE
	EndGlobalSection
	GlobalSection(ExtensibilityGlobals) = postSolution
		SolutionGuid = {CE7C1BE7-FF97-4B8B-9C92-018827B6642C}
	EndGlobalSection
EndGlobal
