
Microsoft Visual Studio Solution File, Format Version 12.00
# Visual Studio Version 16
VisualStudioVersion = 16.0.29613.14
MinimumVisualStudioVersion = 10.0.40219.1
Project("{FAE04EC0-301F-11D3-BF4B-00C04F79EFBC}") = "Sort_Data_NonQuery", "Sort_Data_NonQuery\Sort_Data_NonQuery.csproj", "{0E1076F3-433E-4871-99C1-20315E2C2C56}"
EndProject
Global
	GlobalSection(SolutionConfigurationPlatforms) = preSolution
		Debug|Any CPU = Debug|Any CPU
		Release|Any CPU = Release|Any CPU
	EndGlobalSection
	GlobalSection(ProjectConfigurationPlatforms) = postSolution
		{0E1076F3-433E-4871-99C1-20315E2C2C56}.Debug|Any CPU.ActiveCfg = Debug|Any CPU
		{0E1076F3-433E-4871-99C1-20315E2C2C56}.Debug|Any CPU.Build.0 = Debug|Any CPU
		{0E1076F3-433E-4871-99C1-20315E2C2C56}.Release|Any CPU.ActiveCfg = Release|Any CPU
		{0E1076F3-433E-4871-99C1-20315E2C2C56}.Release|Any CPU.Build.0 = Release|Any CPU
	EndGlobalSection
	GlobalSection(SolutionProperties) = preSolution
		HideSolutionNode = FALSE
	EndGlobalSection
	GlobalSection(ExtensibilityGlobals) = postSolution
		SolutionGuid = {72F7E168-4283-4914-BCDD-4DF944E136FF}
	EndGlobalSection
EndGlobal
